
Microsoft Visual Studio Solution File, Format Version 12.00
# Visual Studio 2013
VisualStudioVersion = 12.0.31101.0
MinimumVisualStudioVersion = 10.0.40219.1
Project("{FAE04EC0-301F-11D3-BF4B-00C04F79EFBC}") = "ShoppingCart.Data", "ShoppingCart.Data\ShoppingCart.Data.csproj", "{F0052BCC-9721-4E0D-A211-A14CC650E327}"
EndProject
Project("{FAE04EC0-301F-11D3-BF4B-00C04F79EFBC}") = "ShoppingCart.Test", "ShoppingCart.Test\ShoppingCart.Test.csproj", "{A9C56652-7824-4846-9E81-F5117CC5B5B6}"
EndProject
Project("{FAE04EC0-301F-11D3-BF4B-00C04F79EFBC}") = "ShoppingCart", "ShoppingCart\ShoppingCart.csproj", "{F74E362F-CCBB-4D64-A95C-F7BFC1C30C5B}"
EndProject
Project("{2150E333-8FDC-42A3-9474-1A3956D46DE8}") = ".nuget", ".nuget", "{CA0EB971-5193-4BB8-B788-9CCAA6B6B684}"
	ProjectSection(SolutionItems) = preProject
		.nuget\packages.config = .nuget\packages.config
	EndProjectSection
EndProject
Global
	GlobalSection(SolutionConfigurationPlatforms) = preSolution
		Debug|Any CPU = Debug|Any CPU
		Release|Any CPU = Release|Any CPU
	EndGlobalSection
	GlobalSection(ProjectConfigurationPlatforms) = postSolution
		{F0052BCC-9721-4E0D-A211-A14CC650E327}.Debug|Any CPU.ActiveCfg = Debug|Any CPU
		{F0052BCC-9721-4E0D-A211-A14CC650E327}.Debug|Any CPU.Build.0 = Debug|Any CPU
		{F0052BCC-9721-4E0D-A211-A14CC650E327}.Release|Any CPU.ActiveCfg = Release|Any CPU
		{F0052BCC-9721-4E0D-A211-A14CC650E327}.Release|Any CPU.Build.0 = Release|Any CPU
		{A9C56652-7824-4846-9E81-F5117CC5B5B6}.Debug|Any CPU.ActiveCfg = Debug|Any CPU
		{A9C56652-7824-4846-9E81-F5117CC5B5B6}.Debug|Any CPU.Build.0 = Debug|Any CPU
		{A9C56652-7824-4846-9E81-F5117CC5B5B6}.Release|Any CPU.ActiveCfg = Release|Any CPU
		{A9C56652-7824-4846-9E81-F5117CC5B5B6}.Release|Any CPU.Build.0 = Release|Any CPU
		{F74E362F-CCBB-4D64-A95C-F7BFC1C30C5B}.Debug|Any CPU.ActiveCfg = Debug|Any CPU
		{F74E362F-CCBB-4D64-A95C-F7BFC1C30C5B}.Debug|Any CPU.Build.0 = Debug|Any CPU
		{F74E362F-CCBB-4D64-A95C-F7BFC1C30C5B}.Release|Any CPU.ActiveCfg = Release|Any CPU
		{F74E362F-CCBB-4D64-A95C-F7BFC1C30C5B}.Release|Any CPU.Build.0 = Release|Any CPU
	EndGlobalSection
	GlobalSection(SolutionProperties) = preSolution
		HideSolutionNode = FALSE
	EndGlobalSection
EndGlobal
